
Microsoft Visual Studio Solution File, Format Version 12.00
# Visual Studio 2012
Project("{FAE04EC0-301F-11D3-BF4B-00C04F79EFBC}") = "Form_Mouse", "Form_Mouse\Form_Mouse.csproj", "{A2658E07-7F97-4CF6-94D3-17B452F38C8E}"
EndProject
Global
	GlobalSection(SolutionConfigurationPlatforms) = preSolution
		Debug|Any CPU = Debug|Any CPU
		Release|Any CPU = Release|Any CPU
	EndGlobalSection
	GlobalSection(ProjectConfigurationPlatforms) = postSolution
		{A2658E07-7F97-4CF6-94D3-17B452F38C8E}.Debug|Any CPU.ActiveCfg = Debug|Any CPU
		{A2658E07-7F97-4CF6-94D3-17B452F38C8E}.Debug|Any CPU.Build.0 = Debug|Any CPU
		{A2658E07-7F97-4CF6-94D3-17B452F38C8E}.Release|Any CPU.ActiveCfg = Release|Any CPU
		{A2658E07-7F97-4CF6-94D3-17B452F38C8E}.Release|Any CPU.Build.0 = Release|Any CPU
	EndGlobalSection
	GlobalSection(SolutionProperties) = preSolution
		HideSolutionNode = FALSE
	EndGlobalSection
EndGlobal
